
Microsoft Visual Studio Solution File, Format Version 12.00
# Visual Studio Version 16
VisualStudioVersion = 16.0.30413.136
MinimumVisualStudioVersion = 10.0.40219.1
Project("{FAE04EC0-301F-11D3-BF4B-00C04F79EFBC}") = "PersonWindows", "PersonWindows\PersonWindows.csproj", "{8E6D330F-42D7-4A20-96A7-4B9AFAD1A448}"
EndProject
Project("{FAE04EC0-301F-11D3-BF4B-00C04F79EFBC}") = "PersonLibrary", "ClassLibrary\PersonLibrary.csproj", "{A66E5C54-DFFD-4494-9195-D4F9B953B78C}"
EndProject
Global
	GlobalSection(SolutionConfigurationPlatforms) = preSolution
		Debug|Any CPU = Debug|Any CPU
		Release|Any CPU = Release|Any CPU
	EndGlobalSection
	GlobalSection(ProjectConfigurationPlatforms) = postSolution
		{8E6D330F-42D7-4A20-96A7-4B9AFAD1A448}.Debug|Any CPU.ActiveCfg = Debug|Any CPU
		{8E6D330F-42D7-4A20-96A7-4B9AFAD1A448}.Debug|Any CPU.Build.0 = Debug|Any CPU
		{8E6D330F-42D7-4A20-96A7-4B9AFAD1A448}.Release|Any CPU.ActiveCfg = Release|Any CPU
		{8E6D330F-42D7-4A20-96A7-4B9AFAD1A448}.Release|Any CPU.Build.0 = Release|Any CPU
		{A66E5C54-DFFD-4494-9195-D4F9B953B78C}.Debug|Any CPU.ActiveCfg = Debug|Any CPU
		{A66E5C54-DFFD-4494-9195-D4F9B953B78C}.Debug|Any CPU.Build.0 = Debug|Any CPU
		{A66E5C54-DFFD-4494-9195-D4F9B953B78C}.Release|Any CPU.ActiveCfg = Release|Any CPU
		{A66E5C54-DFFD-4494-9195-D4F9B953B78C}.Release|Any CPU.Build.0 = Release|Any CPU
	EndGlobalSection
	GlobalSection(SolutionProperties) = preSolution
		HideSolutionNode = FALSE
	EndGlobalSection
	GlobalSection(ExtensibilityGlobals) = postSolution
		SolutionGuid = {5CDEF88B-7B8C-4149-8C82-FBF8019C705F}
	EndGlobalSection
EndGlobal
